// !$*UTF8*$!
{
	archiveVersion = 1;
	classes = {
	};
	objectVersion = 46;
	objects = {

/* Begin PBXBuildFile section */
		BB9B016F1B54C44C00920588 /* AppDelegate.swift in Sources */ = {isa = PBXBuildFile; fileRef = BB9B016E1B54C44C00920588 /* AppDelegate.swift */; };
		BB9B01711B54C44C00920588 /* ViewController.swift in Sources */ = {isa = PBXBuildFile; fileRef = BB9B01701B54C44C00920588 /* ViewController.swift */; };
		BB9B01741B54C44C00920588 /* Main.storyboard in Resources */ = {isa = PBXBuildFile; fileRef = BB9B01721B54C44C00920588 /* Main.storyboard */; };
		BB9B01761B54C44C00920588 /* Images.xcassets in Resources */ = {isa = PBXBuildFile; fileRef = BB9B01751B54C44C00920588 /* Images.xcassets */; };
		BB9B01791B54C44C00920588 /* LaunchScreen.xib in Resources */ = {isa = PBXBuildFile; fileRef = BB9B01771B54C44C00920588 /* LaunchScreen.xib */; };
		BB9B01851B54C44C00920588 /* Whats_The_WeatherTests.swift in Sources */ = {isa = PBXBuildFile; fileRef = BB9B01841B54C44C00920588 /* Whats_The_WeatherTests.swift */; };
		BB9B018F1B54C70500920588 /* weather.png in Resources */ = {isa = PBXBuildFile; fileRef = BB9B018E1B54C70500920588 /* weather.png */; };
/* End PBXBuildFile section */

/* Begin PBXContainerItemProxy section */
		BB9B017F1B54C44C00920588 /* PBXContainerItemProxy */ = {
			isa = PBXContainerItemProxy;
			containerPortal = BB9B01611B54C44C00920588 /* Project object */;
			proxyType = 1;
			remoteGlobalIDString = BB9B01681B54C44C00920588;
			remoteInfo = "Whats The Weather";
		};
/* End PBXContainerItemProxy section */

/* Begin PBXFileReference section */
		BB9B01691B54C44C00920588 /* Whats The Weather.app */ = {isa = PBXFileReference; explicitFileType = wrapper.application; includeInIndex = 0; path = "Whats The Weather.app"; sourceTree = BUILT_PRODUCTS_DIR; };
		BB9B016D1B54C44C00920588 /* Info.plist */ = {isa = PBXFileReference; lastKnownFileType = text.plist.xml; path = Info.plist; sourceTree = "<group>"; };
		BB9B016E1B54C44C00920588 /* AppDelegate.swift */ = {isa = PBXFileReference; lastKnownFileType = sourcecode.swift; path = AppDelegate.swift; sourceTree = "<group>"; };
		BB9B01701B54C44C00920588 /* ViewController.swift */ = {isa = PBXFileReference; lastKnownFileType = sourcecode.swift; path = ViewController.swift; sourceTree = "<group>"; };
		BB9B01731B54C44C00920588 /* Base */ = {isa = PBXFileReference; lastKnownFileType = file.storyboard; name = Base; path = Base.lproj/Main.storyboard; sourceTree = "<group>"; };
		BB9B01751B54C44C00920588 /* Images.xcassets */ = {isa = PBXFileReference; lastKnownFileType = folder.assetcatalog; path = Images.xcassets; sourceTree = "<group>"; };
		BB9B01781B54C44C00920588 /* Base */ = {isa = PBXFileReference; lastKnownFileType = file.xib; name = Base; path = Base.lproj/LaunchScreen.xib; sourceTree = "<group>"; };
		BB9B017E1B54C44C00920588 /* Whats The WeatherTests.xctest */ = {isa = PBXFileReference; explicitFileType = wrapper.cfbundle; includeInIndex = 0; path = "Whats The WeatherTests.xctest"; sourceTree = BUILT_PRODUCTS_DIR; };
		BB9B01831B54C44C00920588 /* Info.plist */ = {isa = PBXFileReference; lastKnownFileType = text.plist.xml; path = Info.plist; sourceTree = "<group>"; };
		BB9B01841B54C44C00920588 /* Whats_The_WeatherTests.swift */ = {isa = PBXFileReference; lastKnownFileType = sourcecode.swift; path = Whats_The_WeatherTests.swift; sourceTree = "<group>"; };
		BB9B018E1B54C70500920588 /* weather.png */ = {isa = PBXFileReference; lastKnownFileType = image.png; path = weather.png; sourceTree = "<group>"; };
/* End PBXFileReference section */

/* Begin PBXFrameworksBuildPhase section */
		BB9B01661B54C44C00920588 /* Frameworks */ = {
			isa = PBXFrameworksBuildPhase;
			buildActionMask = 2147483647;
			files = (
			);
			runOnlyForDeploymentPostprocessing = 0;
		};
		BB9B017B1B54C44C00920588 /* Frameworks */ = {
			isa = PBXFrameworksBuildPhase;
			buildActionMask = 2147483647;
			files = (
			);
			runOnlyForDeploymentPostprocessing = 0;
		};
/* End PBXFrameworksBuildPhase section */

/* Begin PBXGroup section */
		BB9B01601B54C44C00920588 = {
			isa = PBXGroup;
			children = (
				BB9B016B1B54C44C00920588 /* Whats The Weather */,
				BB9B01811B54C44C00920588 /* Whats The WeatherTests */,
				BB9B016A1B54C44C00920588 /* Products */,
			);
			sourceTree = "<group>";
		};
		BB9B016A1B54C44C00920588 /* Products */ = {
			isa = PBXGroup;
			children = (
				BB9B01691B54C44C00920588 /* Whats The Weather.app */,
				BB9B017E1B54C44C00920588 /* Whats The WeatherTests.xctest */,
			);
			name = Products;
			sourceTree = "<group>";
		};
		BB9B016B1B54C44C00920588 /* Whats The Weather */ = {
			isa = PBXGroup;
			children = (
				BB9B016E1B54C44C00920588 /* AppDelegate.swift */,
				BB9B01701B54C44C00920588 /* ViewController.swift */,
				BB9B01721B54C44C00920588 /* Main.storyboard */,
				BB9B018E1B54C70500920588 /* weather.png */,
				BB9B01751B54C44C00920588 /* Images.xcassets */,
				BB9B01771B54C44C00920588 /* LaunchScreen.xib */,
				BB9B016C1B54C44C00920588 /* Supporting Files */,
			);
			path = "Whats The Weather";
			sourceTree = "<group>";
		};
		BB9B016C1B54C44C00920588 /* Supporting Files */ = {
			isa = PBXGroup;
			children = (
				BB9B016D1B54C44C00920588 /* Info.plist */,
			);
			name = "Supporting Files";
			sourceTree = "<group>";
		};
		BB9B01811B54C44C00920588 /* Whats The WeatherTests */ = {
			isa = PBXGroup;
			children = (
				BB9B01841B54C44C00920588 /* Whats_The_WeatherTests.swift */,
				BB9B01821B54C44C00920588 /* Supporting Files */,
			);
			path = "Whats The WeatherTests";
			sourceTree = "<group>";
		};
		BB9B01821B54C44C00920588 /* Supporting Files */ = {
			isa = PBXGroup;
			children = (
				BB9B01831B54C44C00920588 /* Info.plist */,
			);
			name = "Supporting Files";
			sourceTree = "<group>";
		};
/* End PBXGroup section */

/* Begin PBXNativeTarget section */
		BB9B01681B54C44C00920588 /* Whats The Weather */ = {
			isa = PBXNativeTarget;
			buildConfigurationList = BB9B01881B54C44C00920588 /* Build configuration list for PBXNativeTarget "Whats The Weather" */;
			buildPhases = (
				BB9B01651B54C44C00920588 /* Sources */,
				BB9B01661B54C44C00920588 /* Frameworks */,
				BB9B01671B54C44C00920588 /* Resources */,
			);
			buildRules = (
			);
			dependencies = (
			);
			name = "Whats The Weather";
			productName = "Whats The Weather";
			productReference = BB9B01691B54C44C00920588 /* Whats The Weather.app */;
			productType = "com.apple.product-type.application";
		};
		BB9B017D1B54C44C00920588 /* Whats The WeatherTests */ = {
			isa = PBXNativeTarget;
			buildConfigurationList = BB9B018B1B54C44C00920588 /* Build configuration list for PBXNativeTarget "Whats The WeatherTests" */;
			buildPhases = (
				BB9B017A1B54C44C00920588 /* Sources */,
				BB9B017B1B54C44C00920588 /* Frameworks */,
				BB9B017C1B54C44C00920588 /* Resources */,
			);
			buildRules = (
			);
			dependencies = (
				BB9B01801B54C44C00920588 /* PBXTargetDependency */,
			);
			name = "Whats The WeatherTests";
			productName = "Whats The WeatherTests";
			productReference = BB9B017E1B54C44C00920588 /* Whats The WeatherTests.xctest */;
			productType = "com.apple.product-type.bundle.unit-test";
		};
/* End PBXNativeTarget section */

/* Begin PBXProject section */
		BB9B01611B54C44C00920588 /* Project object */ = {
			isa = PBXProject;
			attributes = {
				LastSwiftUpdateCheck = 0700;
				LastUpgradeCheck = 0700;
				ORGANIZATIONNAME = LodenaApps;
				TargetAttributes = {
					BB9B01681B54C44C00920588 = {
						CreatedOnToolsVersion = 6.4;
						DevelopmentTeam = QRLQDFSPK7;
					};
					BB9B017D1B54C44C00920588 = {
						CreatedOnToolsVersion = 6.4;
						TestTargetID = BB9B01681B54C44C00920588;
					};
				};
			};
			buildConfigurationList = BB9B01641B54C44C00920588 /* Build configuration list for PBXProject "Whats The Weather" */;
			compatibilityVersion = "Xcode 3.2";
			developmentRegion = English;
			hasScannedForEncodings = 0;
			knownRegions = (
				en,
				Base,
			);
			mainGroup = BB9B01601B54C44C00920588;
			productRefGroup = BB9B016A1B54C44C00920588 /* Products */;
			projectDirPath = "";
			projectRoot = "";
			targets = (
				BB9B01681B54C44C00920588 /* Whats The Weather */,
				BB9B017D1B54C44C00920588 /* Whats The WeatherTests */,
			);
		};
/* End PBXProject section */

/* Begin PBXResourcesBuildPhase section */
		BB9B01671B54C44C00920588 /* Resources */ = {
			isa = PBXResourcesBuildPhase;
			buildActionMask = 2147483647;
			files = (
				BB9B01741B54C44C00920588 /* Main.storyboard in Resources */,
				BB9B01791B54C44C00920588 /* LaunchScreen.xib in Resources */,
				BB9B018F1B54C70500920588 /* weather.png in Resources */,
				BB9B01761B54C44C00920588 /* Images.xcassets in Resources */,
			);
			runOnlyForDeploymentPostprocessing = 0;
		};
		BB9B017C1B54C44C00920588 /* Resources */ = {
			isa = PBXResourcesBuildPhase;
			buildActionMask = 2147483647;
			files = (
			);
			runOnlyForDeploymentPostprocessing = 0;
		};
/* End PBXResourcesBuildPhase section */

/* Begin PBXSourcesBuildPhase section */
		BB9B01651B54C44C00920588 /* Sources */ = {
			isa = PBXSourcesBuildPhase;
			buildActionMask = 2147483647;
			files = (
				BB9B01711B54C44C00920588 /* ViewController.swift in Sources */,
				BB9B016F1B54C44C00920588 /* AppDelegate.swift in Sources */,
			);
			runOnlyForDeploymentPostprocessing = 0;
		};
		BB9B017A1B54C44C00920588 /* Sources */ = {
			isa = PBXSourcesBuildPhase;
			buildActionMask = 2147483647;
			files = (
				BB9B01851B54C44C00920588 /* Whats_The_WeatherTests.swift in Sources */,
			);
			runOnlyForDeploymentPostprocessing = 0;
		};
/* End PBXSourcesBuildPhase section */

/* Begin PBXTargetDependency section */
		BB9B01801B54C44C00920588 /* PBXTargetDependency */ = {
			isa = PBXTargetDependency;
			target = BB9B01681B54C44C00920588 /* Whats The Weather */;
			targetProxy = BB9B017F1B54C44C00920588 /* PBXContainerItemProxy */;
		};
/* End PBXTargetDependency section */

/* Begin PBXVariantGroup section */
		BB9B01721B54C44C00920588 /* Main.storyboard */ = {
			isa = PBXVariantGroup;
			children = (
				BB9B01731B54C44C00920588 /* Base */,
			);
			name = Main.storyboard;
			sourceTree = "<group>";
		};
		BB9B01771B54C44C00920588 /* LaunchScreen.xib */ = {
			isa = PBXVariantGroup;
			children = (
				BB9B01781B54C44C00920588 /* Base */,
			);
			name = LaunchScreen.xib;
			sourceTree = "<group>";
		};
/* End PBXVariantGroup section */

/* Begin XCBuildConfiguration section */
		BB9B01861B54C44C00920588 /* Debug */ = {
			isa = XCBuildConfiguration;
			buildSettings = {
				ALWAYS_SEARCH_USER_PATHS = NO;
				CLANG_CXX_LANGUAGE_STANDARD = "gnu++0x";
				CLANG_CXX_LIBRARY = "libc++";
				CLANG_ENABLE_MODULES = YES;
				CLANG_ENABLE_OBJC_ARC = YES;
				CLANG_WARN_BOOL_CONVERSION = YES;
				CLANG_WARN_CONSTANT_CONVERSION = YES;
				CLANG_WARN_DIRECT_OBJC_ISA_USAGE = YES_ERROR;
				CLANG_WARN_EMPTY_BODY = YES;
				CLANG_WARN_ENUM_CONVERSION = YES;
				CLANG_WARN_INT_CONVERSION = YES;
				CLANG_WARN_OBJC_ROOT_CLASS = YES_ERROR;
				CLANG_WARN_UNREACHABLE_CODE = YES;
				CLANG_WARN__DUPLICATE_METHOD_MATCH = YES;
				"CODE_SIGN_IDENTITY[sdk=iphoneos*]" = "iPhone Developer";
				COPY_PHASE_STRIP = NO;
				DEBUG_INFORMATION_FORMAT = "dwarf-with-dsym";
				ENABLE_STRICT_OBJC_MSGSEND = YES;
				ENABLE_TESTABILITY = YES;
				GCC_C_LANGUAGE_STANDARD = gnu99;
				GCC_DYNAMIC_NO_PIC = NO;
				GCC_NO_COMMON_BLOCKS = YES;
				GCC_OPTIMIZATION_LEVEL = 0;
				GCC_PREPROCESSOR_DEFINITIONS = (
					"DEBUG=1",
					"$(inherited)",
				);
				GCC_SYMBOLS_PRIVATE_EXTERN = NO;
				GCC_WARN_64_TO_32_BIT_CONVERSION = YES;
				GCC_WARN_ABOUT_RETURN_TYPE = YES_ERROR;
				GCC_WARN_UNDECLARED_SELECTOR = YES;
				GCC_WARN_UNINITIALIZED_AUTOS = YES_AGGRESSIVE;
				GCC_WARN_UNUSED_FUNCTION = YES;
				GCC_WARN_UNUSED_VARIABLE = YES;
				IPHONEOS_DEPLOYMENT_TARGET = 8.4;
				MTL_ENABLE_DEBUG_INFO = YES;
				ONLY_ACTIVE_ARCH = YES;
				SDKROOT = iphoneos;
				SWIFT_OPTIMIZATION_LEVEL = "-Onone";
			};
			name = Debug;
		};
		BB9B01871B54C44C00920588 /* Release */ = {
			isa = XCBuildConfiguration;
			buildSettings = {
				ALWAYS_SEARCH_USER_PATHS = NO;
				CLANG_CXX_LANGUAGE_STANDARD = "gnu++0x";
				CLANG_CXX_LIBRARY = "libc++";
				CLANG_ENABLE_MODULES = YES;
				CLANG_ENABLE_OBJC_ARC = YES;
				CLANG_WARN_BOOL_CONVERSION = YES;
				CLANG_WARN_CONSTANT_CONVERSION = YES;
				CLANG_WARN_DIRECT_OBJC_ISA_USAGE = YES_ERROR;
				CLANG_WARN_EMPTY_BODY = YES;
				CLANG_WARN_ENUM_CONVERSION = YES;
				CLANG_WARN_INT_CONVERSION = YES;
				CLANG_WARN_OBJC_ROOT_CLASS = YES_ERROR;
				CLANG_WARN_UNREACHABLE_CODE = YES;
				CLANG_WARN__DUPLICATE_METHOD_MATCH = YES;
				"CODE_SIGN_IDENTITY[sdk=iphoneos*]" = "iPhone Developer";
				COPY_PHASE_STRIP = NO;
				DEBUG_INFORMATION_FORMAT = "dwarf-with-dsym";
				ENABLE_NS_ASSERTIONS = NO;
				ENABLE_STRICT_OBJC_MSGSEND = YES;
				GCC_C_LANGUAGE_STANDARD = gnu99;
				GCC_NO_COMMON_BLOCKS = YES;
				GCC_WARN_64_TO_32_BIT_CONVERSION = YES;
				GCC_WARN_ABOUT_RETURN_TYPE = YES_ERROR;
				GCC_WARN_UNDECLARED_SELECTOR = YES;
				GCC_WARN_UNINITIALIZED_AUTOS = YES_AGGRESSIVE;
				GCC_WARN_UNUSED_FUNCTION = YES;
				GCC_WARN_UNUSED_VARIABLE = YES;
				IPHONEOS_DEPLOYMENT_TARGET = 8.4;
				MTL_ENABLE_DEBUG_INFO = NO;
				SDKROOT = iphoneos;
				VALIDATE_PRODUCT = YES;
			};
			name = Release;
		};
		BB9B01891B54C44C00920588 /* Debug */ = {
			isa = XCBuildConfiguration;
			buildSettings = {
				ASSETCATALOG_COMPILER_APPICON_NAME = AppIcon;
				CODE_SIGN_IDENTITY = "iPhone Developer";
				INFOPLIST_FILE = "Whats The Weather/Info.plist";
				LD_RUNPATH_SEARCH_PATHS = "$(inherited) @executable_path/Frameworks";
				PRODUCT_BUNDLE_IDENTIFIER = "com.lodenaapps.$(PRODUCT_NAME:rfc1034identifier)";
				PRODUCT_NAME = "$(TARGET_NAME)";
			};
			name = Debug;
		};
		BB9B018A1B54C44C00920588 /* Release */ = {
			isa = XCBuildConfiguration;
			buildSettings = {
				ASSETCATALOG_COMPILER_APPICON_NAME = AppIcon;
				CODE_SIGN_IDENTITY = "iPhone Developer";
				INFOPLIST_FILE = "Whats The Weather/Info.plist";
				LD_RUNPATH_SEARCH_PATHS = "$(inherited) @executable_path/Frameworks";
				PRODUCT_BUNDLE_IDENTIFIER = "com.lodenaapps.$(PRODUCT_NAME:rfc1034identifier)";
				PRODUCT_NAME = "$(TARGET_NAME)";
			};
			name = Release;
		};
		BB9B018C1B54C44C00920588 /* Debug */ = {
			isa = XCBuildConfiguration;
			buildSettings = {
				BUNDLE_LOADER = "$(TEST_HOST)";
				FRAMEWORK_SEARCH_PATHS = (
					"$(SDKROOT)/Developer/Library/Frameworks",
					"$(inherited)",
				);
				GCC_PREPROCESSOR_DEFINITIONS = (
					"DEBUG=1",
					"$(inherited)",
				);
				INFOPLIST_FILE = "Whats The WeatherTests/Info.plist";
				LD_RUNPATH_SEARCH_PATHS = "$(inherited) @executable_path/Frameworks @loader_path/Frameworks";
				PRODUCT_BUNDLE_IDENTIFIER = "com.lodenaapps.$(PRODUCT_NAME:rfc1034identifier)";
				PRODUCT_NAME = "$(TARGET_NAME)";
				TEST_HOST = "$(BUILT_PRODUCTS_DIR)/Whats The Weather.app/Whats The Weather";
			};
			name = Debug;
		};
		BB9B018D1B54C44C00920588 /* Release */ = {
			isa = XCBuildConfiguration;
			buildSettings = {
				BUNDLE_LOADER = "$(TEST_HOST)";
				FRAMEWORK_SEARCH_PATHS = (
					"$(SDKROOT)/Developer/Library/Frameworks",
					"$(inherited)",
				);
				INFOPLIST_FILE = "Whats The WeatherTests/Info.plist";
				LD_RUNPATH_SEARCH_PATHS = "$(inherited) @executable_path/Frameworks @loader_path/Frameworks";
				PRODUCT_BUNDLE_IDENTIFIER = "com.lodenaapps.$(PRODUCT_NAME:rfc1034identifier)";
				PRODUCT_NAME = "$(TARGET_NAME)";
				TEST_HOST = "$(BUILT_PRODUCTS_DIR)/Whats The Weather.app/Whats The Weather";
			};
			name = Release;
		};
/* End XCBuildConfiguration section */

/* Begin XCConfigurationList section */
		BB9B01641B54C44C00920588 /* Build configuration list for PBXProject "Whats The Weather" */ = {
			isa = XCConfigurationList;
			buildConfigurations = (
				BB9B01861B54C44C00920588 /* Debug */,
				BB9B01871B54C44C00920588 /* Release */,
			);
			defaultConfigurationIsVisible = 0;
			defaultConfigurationName = Release;
		};
		BB9B01881B54C44C00920588 /* Build configuration list for PBXNativeTarget "Whats The Weather" */ = {
			isa = XCConfigurationList;
			buildConfigurations = (
				BB9B01891B54C44C00920588 /* Debug */,
				BB9B018A1B54C44C00920588 /* Release */,
			);
			defaultConfigurationIsVisible = 0;
			defaultConfigurationName = Release;
		};
		BB9B018B1B54C44C00920588 /* Build configuration list for PBXNativeTarget "Whats The WeatherTests" */ = {
			isa = XCConfigurationList;
			buildConfigurations = (
				BB9B018C1B54C44C00920588 /* Debug */,
				BB9B018D1B54C44C00920588 /* Release */,
			);
			defaultConfigurationIsVisible = 0;
			defaultConfigurationName = Release;
		};
/* End XCConfigurationList section */
	};
	rootObject = BB9B01611B54C44C00920588 /* Project object */;
}
